# This file is automatically @generated by Cargo.
# It is not intended for manual editing.
[[package]]
name = "arraytools"
version = "0.1.5"
source = "registry+https://github.com/rust-lang/crates.io-index"
checksum = "a5367919938d9d809b2f2f6a3c7d7174c85ebb08beadf0c1d3dd94f64439f437"

[[package]]
name = "sudoku-solver"
version = "0.1.0"
dependencies = [
 "arraytools",
]
